
Microsoft Visual Studio Solution File, Format Version 12.00
# Visual Studio Version 16
VisualStudioVersion = 16.0.31624.102
MinimumVisualStudioVersion = 10.0.40219.1
Project("{FAE04EC0-301F-11D3-BF4B-00C04F79EFBC}") = "Лабораторная работа 9", "Лабораторная работа 9.csproj", "{9042328E-B9C1-432E-A219-6B9A48D701D2}"
EndProject
Global
	GlobalSection(SolutionConfigurationPlatforms) = preSolution
		Debug|Any CPU = Debug|Any CPU
		Release|Any CPU = Release|Any CPU
	EndGlobalSection
	GlobalSection(ProjectConfigurationPlatforms) = postSolution
		{9042328E-B9C1-432E-A219-6B9A48D701D2}.Debug|Any CPU.ActiveCfg = Debug|Any CPU
		{9042328E-B9C1-432E-A219-6B9A48D701D2}.Debug|Any CPU.Build.0 = Debug|Any CPU
		{9042328E-B9C1-432E-A219-6B9A48D701D2}.Release|Any CPU.ActiveCfg = Release|Any CPU
		{9042328E-B9C1-432E-A219-6B9A48D701D2}.Release|Any CPU.Build.0 = Release|Any CPU
	EndGlobalSection
	GlobalSection(SolutionProperties) = preSolution
		HideSolutionNode = FALSE
	EndGlobalSection
	GlobalSection(ExtensibilityGlobals) = postSolution
		SolutionGuid = {259F1A58-2DB1-4250-A1DD-BEA866CBB6D7}
	EndGlobalSection
EndGlobal
