
Microsoft Visual Studio Solution File, Format Version 12.00
# Visual Studio Version 16
VisualStudioVersion = 16.0.31624.102
MinimumVisualStudioVersion = 10.0.40219.1
Project("{FAE04EC0-301F-11D3-BF4B-00C04F79EFBC}") = "Лабораторная работа 13", "Лабораторная работа 13.csproj", "{4667EE83-3506-40E1-B2AF-3E3C03A94D7E}"
EndProject
Global
	GlobalSection(SolutionConfigurationPlatforms) = preSolution
		Debug|Any CPU = Debug|Any CPU
		Release|Any CPU = Release|Any CPU
	EndGlobalSection
	GlobalSection(ProjectConfigurationPlatforms) = postSolution
		{4667EE83-3506-40E1-B2AF-3E3C03A94D7E}.Debug|Any CPU.ActiveCfg = Debug|Any CPU
		{4667EE83-3506-40E1-B2AF-3E3C03A94D7E}.Debug|Any CPU.Build.0 = Debug|Any CPU
		{4667EE83-3506-40E1-B2AF-3E3C03A94D7E}.Release|Any CPU.ActiveCfg = Release|Any CPU
		{4667EE83-3506-40E1-B2AF-3E3C03A94D7E}.Release|Any CPU.Build.0 = Release|Any CPU
	EndGlobalSection
	GlobalSection(SolutionProperties) = preSolution
		HideSolutionNode = FALSE
	EndGlobalSection
	GlobalSection(ExtensibilityGlobals) = postSolution
		SolutionGuid = {FD389475-BD95-407A-8003-523DCE846225}
	EndGlobalSection
EndGlobal
